
Microsoft Visual Studio Solution File, Format Version 12.00
# Visual Studio Version 17
VisualStudioVersion = 17.14.36414.22
MinimumVisualStudioVersion = 10.0.40219.1
Project("{FAE04EC0-301F-11D3-BF4B-00C04F79EFBC}") = "E-Commerce.Web", "E-Commerce.Web\E-Commerce.Web.csproj", "{8658F351-0898-48BF-ACB0-7F60A91118C3}"
EndProject
Project("{2150E333-8FDC-42A3-9474-1A3956D46DE8}") = "Core", "Core", "{02EA681E-C7D8-13C7-8484-4AC65E1B71E8}"
EndProject
Project("{FAE04EC0-301F-11D3-BF4B-00C04F79EFBC}") = "Domain", "Core\Domain\Domain.csproj", "{F2DE959E-E3D2-4D92-867E-AE28380B3CF8}"
EndProject
Project("{FAE04EC0-301F-11D3-BF4B-00C04F79EFBC}") = "Service", "Core\Service\Service.csproj", "{F770CAC6-5F87-4A58-A54B-C808469B83A3}"
EndProject
Project("{FAE04EC0-301F-11D3-BF4B-00C04F79EFBC}") = "Service.Abstraction", "Service.Abstraction\Service.Abstraction.csproj", "{B0C80E99-8541-4E7A-8368-FC0879E3005E}"
EndProject
Project("{2150E333-8FDC-42A3-9474-1A3956D46DE8}") = "Infrastructure", "Infrastructure", "{F72370F8-3269-4DB8-9E0F-4461D3777032}"
EndProject
Project("{FAE04EC0-301F-11D3-BF4B-00C04F79EFBC}") = "Presistence", "Infrastructre\Presistence\Presistence.csproj", "{0F7AA561-377A-4BFE-BEF8-3BB1E52285A0}"
EndProject
Project("{FAE04EC0-301F-11D3-BF4B-00C04F79EFBC}") = "Presentation", "Infrastructre\Presentation\Presentation.csproj", "{A666B2C2-7780-4C4A-B524-0FFAEA4A08ED}"
EndProject
Project("{FAE04EC0-301F-11D3-BF4B-00C04F79EFBC}") = "Shared", "Shared\Shared.csproj", "{A97715FF-53A3-49DD-A4DC-11B08404C9A8}"
EndProject
Global
	GlobalSection(SolutionConfigurationPlatforms) = preSolution
		Debug|Any CPU = Debug|Any CPU
		Release|Any CPU = Release|Any CPU
	EndGlobalSection
	GlobalSection(ProjectConfigurationPlatforms) = postSolution
		{8658F351-0898-48BF-ACB0-7F60A91118C3}.Debug|Any CPU.ActiveCfg = Debug|Any CPU
		{8658F351-0898-48BF-ACB0-7F60A91118C3}.Debug|Any CPU.Build.0 = Debug|Any CPU
		{8658F351-0898-48BF-ACB0-7F60A91118C3}.Release|Any CPU.ActiveCfg = Release|Any CPU
		{8658F351-0898-48BF-ACB0-7F60A91118C3}.Release|Any CPU.Build.0 = Release|Any CPU
		{F2DE959E-E3D2-4D92-867E-AE28380B3CF8}.Debug|Any CPU.ActiveCfg = Debug|Any CPU
		{F2DE959E-E3D2-4D92-867E-AE28380B3CF8}.Debug|Any CPU.Build.0 = Debug|Any CPU
		{F2DE959E-E3D2-4D92-867E-AE28380B3CF8}.Release|Any CPU.ActiveCfg = Release|Any CPU
		{F2DE959E-E3D2-4D92-867E-AE28380B3CF8}.Release|Any CPU.Build.0 = Release|Any CPU
		{F770CAC6-5F87-4A58-A54B-C808469B83A3}.Debug|Any CPU.ActiveCfg = Debug|Any CPU
		{F770CAC6-5F87-4A58-A54B-C808469B83A3}.Debug|Any CPU.Build.0 = Debug|Any CPU
		{F770CAC6-5F87-4A58-A54B-C808469B83A3}.Release|Any CPU.ActiveCfg = Release|Any CPU
		{F770CAC6-5F87-4A58-A54B-C808469B83A3}.Release|Any CPU.Build.0 = Release|Any CPU
		{B0C80E99-8541-4E7A-8368-FC0879E3005E}.Debug|Any CPU.ActiveCfg = Debug|Any CPU
		{B0C80E99-8541-4E7A-8368-FC0879E3005E}.Debug|Any CPU.Build.0 = Debug|Any CPU
		{B0C80E99-8541-4E7A-8368-FC0879E3005E}.Release|Any CPU.ActiveCfg = Release|Any CPU
		{B0C80E99-8541-4E7A-8368-FC0879E3005E}.Release|Any CPU.Build.0 = Release|Any CPU
		{0F7AA561-377A-4BFE-BEF8-3BB1E52285A0}.Debug|Any CPU.ActiveCfg = Debug|Any CPU
		{0F7AA561-377A-4BFE-BEF8-3BB1E52285A0}.Debug|Any CPU.Build.0 = Debug|Any CPU
		{0F7AA561-377A-4BFE-BEF8-3BB1E52285A0}.Release|Any CPU.ActiveCfg = Release|Any CPU
		{0F7AA561-377A-4BFE-BEF8-3BB1E52285A0}.Release|Any CPU.Build.0 = Release|Any CPU
		{A666B2C2-7780-4C4A-B524-0FFAEA4A08ED}.Debug|Any CPU.ActiveCfg = Debug|Any CPU
		{A666B2C2-7780-4C4A-B524-0FFAEA4A08ED}.Debug|Any CPU.Build.0 = Debug|Any CPU
		{A666B2C2-7780-4C4A-B524-0FFAEA4A08ED}.Release|Any CPU.ActiveCfg = Release|Any CPU
		{A666B2C2-7780-4C4A-B524-0FFAEA4A08ED}.Release|Any CPU.Build.0 = Release|Any CPU
		{A97715FF-53A3-49DD-A4DC-11B08404C9A8}.Debug|Any CPU.ActiveCfg = Debug|Any CPU
		{A97715FF-53A3-49DD-A4DC-11B08404C9A8}.Debug|Any CPU.Build.0 = Debug|Any CPU
		{A97715FF-53A3-49DD-A4DC-11B08404C9A8}.Release|Any CPU.ActiveCfg = Release|Any CPU
		{A97715FF-53A3-49DD-A4DC-11B08404C9A8}.Release|Any CPU.Build.0 = Release|Any CPU
	EndGlobalSection
	GlobalSection(SolutionProperties) = preSolution
		HideSolutionNode = FALSE
	EndGlobalSection
	GlobalSection(NestedProjects) = preSolution
		{F2DE959E-E3D2-4D92-867E-AE28380B3CF8} = {02EA681E-C7D8-13C7-8484-4AC65E1B71E8}
		{F770CAC6-5F87-4A58-A54B-C808469B83A3} = {02EA681E-C7D8-13C7-8484-4AC65E1B71E8}
		{B0C80E99-8541-4E7A-8368-FC0879E3005E} = {02EA681E-C7D8-13C7-8484-4AC65E1B71E8}
		{0F7AA561-377A-4BFE-BEF8-3BB1E52285A0} = {F72370F8-3269-4DB8-9E0F-4461D3777032}
		{A666B2C2-7780-4C4A-B524-0FFAEA4A08ED} = {F72370F8-3269-4DB8-9E0F-4461D3777032}
	EndGlobalSection
	GlobalSection(ExtensibilityGlobals) = postSolution
		SolutionGuid = {1E7F6479-360D-4C51-8C9A-5C5C0211D7E4}
	EndGlobalSection
EndGlobal
